version = 1
revision = 3
requires-python = ">=3.10"

[[package]]
name = "docket"
version = "0.1.0"
source = { editable = "." }
dependencies = [
    { name = "sustained" },
]

[package.metadata]
requires-dist = [{ name = "sustained", specifier = ">=2.23.1" }]

[[package]]
name = "sustained"
version = "2.23.1"
source = { registry = "https://pypi.org/simple" }
sdist = { url = "https://files.pythonhosted.org/packages/1f/d5/a18ed5fda86e0c3d7c9cf9a6eb41519c4bbfd8a1fa721f51e1c22a184805/sustained-2.23.1.tar.gz", hash = "sha256:7ded0d16aad3f6d0c651c3533a0278036ec88231aa29a025489c3d59200cf809", size = 435687, upload-time = "2026-08-20T21:20:57.069Z" }
wheels = [
    { url = "https://files.pythonhosted.org/packages/e2/e7/f9ecb4c1d02672c7b0532b5ee4b73ae275da2b8fbe2793d664a681470bc8/sustained-2.23.1-py3-none-any.whl", hash = "sha256:52c2172deee06c2b9f47a74113cb97c91950628d5488ad1cfe7689df16ec475a", size = 173983, upload-time = "2026-08-20T21:20:56.112Z" },
]
